
Microsoft Visual Studio Solution File, Format Version 12.00
# Visual Studio Version 16
VisualStudioVersion = 16.0.31729.503
MinimumVisualStudioVersion = 10.0.40219.1
Project("{9A19103F-16F7-4668-BE54-9A1E7A4F7556}") = "Aula1Instaciamento", "ProjetoDia1\Aula1Instaciamento.csproj", "{A6EF63CF-5BD7-4326-A645-FFCA46AD8B9A}"
EndProject
Project("{9A19103F-16F7-4668-BE54-9A1E7A4F7556}") = "Aula2LicaoDeCasa", "LicaoDeCasa\Aula2LicaoDeCasa.csproj", "{1AB7F05D-0374-4124-8257-95C3C40CB1EC}"
EndProject
Project("{9A19103F-16F7-4668-BE54-9A1E7A4F7556}") = "Aula3LicaoDeCasaWhile", "LicaoDeCasaWhile\Aula3LicaoDeCasaWhile.csproj", "{A0430DE7-1D92-49DF-A776-169ED37D9C8F}"
EndProject
Project("{9A19103F-16F7-4668-BE54-9A1E7A4F7556}") = "Aula4Matrizes", "Aula4Matrizes\Aula4Matrizes.csproj", "{0F04EEAB-E995-475E-A1F8-4F7FFBAAA94D}"
EndProject
Project("{FAE04EC0-301F-11D3-BF4B-00C04F79EFBC}") = "Aula5Listas", "Aula5Listas\Aula5Listas.csproj", "{5293F8A5-BF18-4217-867D-D523D64ED01F}"
EndProject
Global
	GlobalSection(SolutionConfigurationPlatforms) = preSolution
		Debug|Any CPU = Debug|Any CPU
		Release|Any CPU = Release|Any CPU
	EndGlobalSection
	GlobalSection(ProjectConfigurationPlatforms) = postSolution
		{A6EF63CF-5BD7-4326-A645-FFCA46AD8B9A}.Debug|Any CPU.ActiveCfg = Debug|Any CPU
		{A6EF63CF-5BD7-4326-A645-FFCA46AD8B9A}.Debug|Any CPU.Build.0 = Debug|Any CPU
		{A6EF63CF-5BD7-4326-A645-FFCA46AD8B9A}.Release|Any CPU.ActiveCfg = Release|Any CPU
		{A6EF63CF-5BD7-4326-A645-FFCA46AD8B9A}.Release|Any CPU.Build.0 = Release|Any CPU
		{1AB7F05D-0374-4124-8257-95C3C40CB1EC}.Debug|Any CPU.ActiveCfg = Debug|Any CPU
		{1AB7F05D-0374-4124-8257-95C3C40CB1EC}.Debug|Any CPU.Build.0 = Debug|Any CPU
		{1AB7F05D-0374-4124-8257-95C3C40CB1EC}.Release|Any CPU.ActiveCfg = Release|Any CPU
		{1AB7F05D-0374-4124-8257-95C3C40CB1EC}.Release|Any CPU.Build.0 = Release|Any CPU
		{A0430DE7-1D92-49DF-A776-169ED37D9C8F}.Debug|Any CPU.ActiveCfg = Debug|Any CPU
		{A0430DE7-1D92-49DF-A776-169ED37D9C8F}.Debug|Any CPU.Build.0 = Debug|Any CPU
		{A0430DE7-1D92-49DF-A776-169ED37D9C8F}.Release|Any CPU.ActiveCfg = Release|Any CPU
		{A0430DE7-1D92-49DF-A776-169ED37D9C8F}.Release|Any CPU.Build.0 = Release|Any CPU
		{0F04EEAB-E995-475E-A1F8-4F7FFBAAA94D}.Debug|Any CPU.ActiveCfg = Debug|Any CPU
		{0F04EEAB-E995-475E-A1F8-4F7FFBAAA94D}.Debug|Any CPU.Build.0 = Debug|Any CPU
		{0F04EEAB-E995-475E-A1F8-4F7FFBAAA94D}.Release|Any CPU.ActiveCfg = Release|Any CPU
		{0F04EEAB-E995-475E-A1F8-4F7FFBAAA94D}.Release|Any CPU.Build.0 = Release|Any CPU
		{5293F8A5-BF18-4217-867D-D523D64ED01F}.Debug|Any CPU.ActiveCfg = Debug|Any CPU
		{5293F8A5-BF18-4217-867D-D523D64ED01F}.Debug|Any CPU.Build.0 = Debug|Any CPU
		{5293F8A5-BF18-4217-867D-D523D64ED01F}.Release|Any CPU.ActiveCfg = Release|Any CPU
		{5293F8A5-BF18-4217-867D-D523D64ED01F}.Release|Any CPU.Build.0 = Release|Any CPU
	EndGlobalSection
	GlobalSection(SolutionProperties) = preSolution
		HideSolutionNode = FALSE
	EndGlobalSection
	GlobalSection(ExtensibilityGlobals) = postSolution
		SolutionGuid = {EDB95313-FCA2-4B3C-A593-C8709F6BC009}
	EndGlobalSection
EndGlobal
